
Microsoft Visual Studio Solution File, Format Version 12.00
# Visual Studio 15
VisualStudioVersion = 15.0.28307.705
MinimumVisualStudioVersion = 10.0.40219.1
Project("{FAE04EC0-301F-11D3-BF4B-00C04F79EFBC}") = "Table", "Table\Table.csproj", "{8336CAF8-0CDB-44AD-BD49-B17E894646DC}"
EndProject
Global
	GlobalSection(SolutionConfigurationPlatforms) = preSolution
		Debug|Any CPU = Debug|Any CPU
		Release|Any CPU = Release|Any CPU
	EndGlobalSection
	GlobalSection(ProjectConfigurationPlatforms) = postSolution
		{8336CAF8-0CDB-44AD-BD49-B17E894646DC}.Debug|Any CPU.ActiveCfg = Debug|Any CPU
		{8336CAF8-0CDB-44AD-BD49-B17E894646DC}.Debug|Any CPU.Build.0 = Debug|Any CPU
		{8336CAF8-0CDB-44AD-BD49-B17E894646DC}.Release|Any CPU.ActiveCfg = Release|Any CPU
		{8336CAF8-0CDB-44AD-BD49-B17E894646DC}.Release|Any CPU.Build.0 = Release|Any CPU
	EndGlobalSection
	GlobalSection(SolutionProperties) = preSolution
		HideSolutionNode = FALSE
	EndGlobalSection
	GlobalSection(ExtensibilityGlobals) = postSolution
		SolutionGuid = {BC7757E4-E60B-4394-BBE6-065FC647A2EF}
	EndGlobalSection
EndGlobal
